
Microsoft Visual Studio Solution File, Format Version 12.00
# Visual Studio Version 17
VisualStudioVersion = 17.6.33815.320
MinimumVisualStudioVersion = 10.0.40219.1
Project("{FAE04EC0-301F-11D3-BF4B-00C04F79EFBC}") = "ass7", "ass7\ass7.csproj", "{9B69C743-DB2C-40C7-B532-E7684F53710D}"
EndProject
Global
	GlobalSection(SolutionConfigurationPlatforms) = preSolution
		Debug|Any CPU = Debug|Any CPU
		Release|Any CPU = Release|Any CPU
	EndGlobalSection
	GlobalSection(ProjectConfigurationPlatforms) = postSolution
		{9B69C743-DB2C-40C7-B532-E7684F53710D}.Debug|Any CPU.ActiveCfg = Debug|Any CPU
		{9B69C743-DB2C-40C7-B532-E7684F53710D}.Debug|Any CPU.Build.0 = Debug|Any CPU
		{9B69C743-DB2C-40C7-B532-E7684F53710D}.Release|Any CPU.ActiveCfg = Release|Any CPU
		{9B69C743-DB2C-40C7-B532-E7684F53710D}.Release|Any CPU.Build.0 = Release|Any CPU
	EndGlobalSection
	GlobalSection(SolutionProperties) = preSolution
		HideSolutionNode = FALSE
	EndGlobalSection
	GlobalSection(ExtensibilityGlobals) = postSolution
		SolutionGuid = {737E2BC4-3794-4123-BF37-C1AE433A780F}
	EndGlobalSection
EndGlobal
